
Microsoft Visual Studio Solution File, Format Version 12.00
# Visual Studio Version 17
VisualStudioVersion = 17.3.32929.385
MinimumVisualStudioVersion = 10.0.40219.1
Project("{FAE04EC0-301F-11D3-BF4B-00C04F79EFBC}") = "Calendar", "Calendar\Calendar.csproj", "{F48F0D0D-0E1C-426D-BBC6-88C429E90124}"
EndProject
Global
	GlobalSection(SolutionConfigurationPlatforms) = preSolution
		Debug|Any CPU = Debug|Any CPU
		Release|Any CPU = Release|Any CPU
	EndGlobalSection
	GlobalSection(ProjectConfigurationPlatforms) = postSolution
		{F48F0D0D-0E1C-426D-BBC6-88C429E90124}.Debug|Any CPU.ActiveCfg = Debug|Any CPU
		{F48F0D0D-0E1C-426D-BBC6-88C429E90124}.Debug|Any CPU.Build.0 = Debug|Any CPU
		{F48F0D0D-0E1C-426D-BBC6-88C429E90124}.Release|Any CPU.ActiveCfg = Release|Any CPU
		{F48F0D0D-0E1C-426D-BBC6-88C429E90124}.Release|Any CPU.Build.0 = Release|Any CPU
	EndGlobalSection
	GlobalSection(SolutionProperties) = preSolution
		HideSolutionNode = FALSE
	EndGlobalSection
	GlobalSection(ExtensibilityGlobals) = postSolution
		SolutionGuid = {7CBDA175-5AB0-49B7-BF89-351F35E66A42}
	EndGlobalSection
EndGlobal
